// !$*UTF8*$!
{
	archiveVersion = 1;
	classes = {
	};
	objectVersion = 77;
	objects = {

/* Begin PBXContainerItemProxy section */
		F1DC95CA2D5F295300453A37 /* PBXContainerItemProxy */ = {
			isa = PBXContainerItemProxy;
			containerPortal = F1DC95B02D5F295200453A37 /* Project object */;
			proxyType = 1;
			remoteGlobalIDString = F1DC95B72D5F295200453A37;
			remoteInfo = PNGCompressor;
		};
		F1DC95D42D5F295300453A37 /* PBXContainerItemProxy */ = {
			isa = PBXContainerItemProxy;
			containerPortal = F1DC95B02D5F295200453A37 /* Project object */;
			proxyType = 1;
			remoteGlobalIDString = F1DC95B72D5F295200453A37;
			remoteInfo = PNGCompressor;
		};
/* End PBXContainerItemProxy section */

/* Begin PBXFileReference section */
		F1DC96012D5FDA0300453A37 /* PNGCompressor.app */ = {isa = PBXFileReference; explicitFileType = wrapper.application; includeInIndex = 0; path = PNGCompressor.app; sourceTree = BUILT_PRODUCTS_DIR; };
		F1DC96022D60F36B00453A37 /* PNGCompressorTests.xctest */ = {isa = PBXFileReference; explicitFileType = wrapper.cfbundle; includeInIndex = 0; path = PNGCompressorTests.xctest; sourceTree = BUILT_PRODUCTS_DIR; };
		F1DC96032D60F36B00453A37 /* PNGCompressorUITests.xctest */ = {isa = PBXFileReference; explicitFileType = wrapper.cfbundle; includeInIndex = 0; path = PNGCompressorUITests.xctest; sourceTree = BUILT_PRODUCTS_DIR; };
/* End PBXFileReference section */

/* Begin PBXFileSystemSynchronizedRootGroup section */
		F1DC95BA2D5F295200453A37 /* PNGCompressor */ = {
			isa = PBXFileSystemSynchronizedRootGroup;
			path = PNGCompressor;
			sourceTree = "<group>";
		};
		F1DC95CC2D5F295300453A37 /* PNGCompressorTests */ = {
			isa = PBXFileSystemSynchronizedRootGroup;
			path = PNGCompressorTests;
			sourceTree = "<group>";
		};
		F1DC95D62D5F295300453A37 /* PNGCompressorUITests */ = {
			isa = PBXFileSystemSynchronizedRootGroup;
			path = PNGCompressorUITests;
			sourceTree = "<group>";
		};
/* End PBXFileSystemSynchronizedRootGroup section */

/* Begin PBXFrameworksBuildPhase section */
		F1DC95B52D5F295200453A37 /* Frameworks */ = {
			isa = PBXFrameworksBuildPhase;
			buildActionMask = 2147483647;
			files = (
			);
			runOnlyForDeploymentPostprocessing = 0;
		};
		F1DC95C62D5F295300453A37 /* Frameworks */ = {
			isa = PBXFrameworksBuildPhase;
			buildActionMask = 2147483647;
			files = (
			);
			runOnlyForDeploymentPostprocessing = 0;
		};
		F1DC95D02D5F295300453A37 /* Frameworks */ = {
			isa = PBXFrameworksBuildPhase;
			buildActionMask = 2147483647;
			files = (
			);
			runOnlyForDeploymentPostprocessing = 0;
		};
/* End PBXFrameworksBuildPhase section */

/* Begin PBXGroup section */
		F1DC95AF2D5F295200453A37 = {
			isa = PBXGroup;
			children = (
				F1DC95BA2D5F295200453A37 /* PNGCompressor */,
				F1DC95CC2D5F295300453A37 /* PNGCompressorTests */,
				F1DC95D62D5F295300453A37 /* PNGCompressorUITests */,
				F1DC96012D5FDA0300453A37 /* PNGCompressor.app */,
				F1DC96022D60F36B00453A37 /* PNGCompressorTests.xctest */,
				F1DC96032D60F36B00453A37 /* PNGCompressorUITests.xctest */,
			);
			sourceTree = "<group>";
		};
/* End PBXGroup section */

/* Begin PBXNativeTarget section */
		F1DC95B72D5F295200453A37 /* PNGCompressor */ = {
			isa = PBXNativeTarget;
			buildConfigurationList = F1DC95DD2D5F295300453A37 /* Build configuration list for PBXNativeTarget "PNGCompressor" */;
			buildPhases = (
				F1DC95B42D5F295200453A37 /* Sources */,
				F1DC95B52D5F295200453A37 /* Frameworks */,
				F1DC95B62D5F295200453A37 /* Resources */,
			);
			buildRules = (
			);
			dependencies = (
			);
			fileSystemSynchronizedGroups = (
				F1DC95BA2D5F295200453A37 /* PNGCompressor */,
			);
			name = PNGCompressor;
			packageProductDependencies = (
			);
			productName = PNGCompressor;
			productReference = F1DC96012D5FDA0300453A37 /* PNGCompressor.app */;
			productType = "com.apple.product-type.application";
		};
		F1DC95C82D5F295300453A37 /* PNGCompressorTests */ = {
			isa = PBXNativeTarget;
			buildConfigurationList = F1DC95E02D5F295300453A37 /* Build configuration list for PBXNativeTarget "PNGCompressorTests" */;
			buildPhases = (
				F1DC95C52D5F295300453A37 /* Sources */,
				F1DC95C62D5F295300453A37 /* Frameworks */,
				F1DC95C72D5F295300453A37 /* Resources */,
			);
			buildRules = (
			);
			dependencies = (
				F1DC95CB2D5F295300453A37 /* PBXTargetDependency */,
			);
			fileSystemSynchronizedGroups = (
				F1DC95CC2D5F295300453A37 /* PNGCompressorTests */,
			);
			name = PNGCompressorTests;
			packageProductDependencies = (
			);
			productName = PNGCompressorTests;
			productReference = F1DC96022D60F36B00453A37 /* PNGCompressorTests.xctest */;
			productType = "com.apple.product-type.bundle.unit-test";
		};
		F1DC95D22D5F295300453A37 /* PNGCompressorUITests */ = {
			isa = PBXNativeTarget;
			buildConfigurationList = F1DC95E32D5F295300453A37 /* Build configuration list for PBXNativeTarget "PNGCompressorUITests" */;
			buildPhases = (
				F1DC95CF2D5F295300453A37 /* Sources */,
				F1DC95D02D5F295300453A37 /* Frameworks */,
				F1DC95D12D5F295300453A37 /* Resources */,
			);
			buildRules = (
			);
			dependencies = (
				F1DC95D52D5F295300453A37 /* PBXTargetDependency */,
			);
			fileSystemSynchronizedGroups = (
				F1DC95D62D5F295300453A37 /* PNGCompressorUITests */,
			);
			name = PNGCompressorUITests;
			packageProductDependencies = (
			);
			productName = PNGCompressorUITests;
			productReference = F1DC96032D60F36B00453A37 /* PNGCompressorUITests.xctest */;
			productType = "com.apple.product-type.bundle.ui-testing";
		};
/* End PBXNativeTarget section */

/* Begin PBXProject section */
		F1DC95B02D5F295200453A37 /* Project object */ = {
			isa = PBXProject;
			attributes = {
				BuildIndependentTargetsInParallel = 1;
				LastSwiftUpdateCheck = 1620;
				LastUpgradeCheck = 1620;
				TargetAttributes = {
					F1DC95B72D5F295200453A37 = {
						CreatedOnToolsVersion = 16.2;
					};
					F1DC95C82D5F295300453A37 = {
						CreatedOnToolsVersion = 16.2;
						TestTargetID = F1DC95B72D5F295200453A37;
					};
					F1DC95D22D5F295300453A37 = {
						CreatedOnToolsVersion = 16.2;
						TestTargetID = F1DC95B72D5F295200453A37;
					};
				};
			};
			buildConfigurationList = F1DC95B32D5F295200453A37 /* Build configuration list for PBXProject "PNGCompressor" */;
			developmentRegion = en;
			hasScannedForEncodings = 0;
			knownRegions = (
				en,
				Base,
			);
			mainGroup = F1DC95AF2D5F295200453A37;
			minimizedProjectReferenceProxies = 1;
			preferredProjectObjectVersion = 77;
			productRefGroup = F1DC95AF2D5F295200453A37;
			projectDirPath = "";
			projectRoot = "";
			targets = (
				F1DC95B72D5F295200453A37 /* PNGCompressor */,
				F1DC95C82D5F295300453A37 /* PNGCompressorTests */,
				F1DC95D22D5F295300453A37 /* PNGCompressorUITests */,
			);
		};
/* End PBXProject section */

/* Begin PBXResourcesBuildPhase section */
		F1DC95B62D5F295200453A37 /* Resources */ = {
			isa = PBXResourcesBuildPhase;
			buildActionMask = 2147483647;
			files = (
			);
			runOnlyForDeploymentPostprocessing = 0;
		};
		F1DC95C72D5F295300453A37 /* Resources */ = {
			isa = PBXResourcesBuildPhase;
			buildActionMask = 2147483647;
			files = (
			);
			runOnlyForDeploymentPostprocessing = 0;
		};
		F1DC95D12D5F295300453A37 /* Resources */ = {
			isa = PBXResourcesBuildPhase;
			buildActionMask = 2147483647;
			files = (
			);
			runOnlyForDeploymentPostprocessing = 0;
		};
/* End PBXResourcesBuildPhase section */

/* Begin PBXSourcesBuildPhase section */
		F1DC95B42D5F295200453A37 /* Sources */ = {
			isa = PBXSourcesBuildPhase;
			buildActionMask = 2147483647;
			files = (
			);
			runOnlyForDeploymentPostprocessing = 0;
		};
		F1DC95C52D5F295300453A37 /* Sources */ = {
			isa = PBXSourcesBuildPhase;
			buildActionMask = 2147483647;
			files = (
			);
			runOnlyForDeploymentPostprocessing = 0;
		};
		F1DC95CF2D5F295300453A37 /* Sources */ = {
			isa = PBXSourcesBuildPhase;
			buildActionMask = 2147483647;
			files = (
			);
			runOnlyForDeploymentPostprocessing = 0;
		};
/* End PBXSourcesBuildPhase section */

/* Begin PBXTargetDependency section */
		F1DC95CB2D5F295300453A37 /* PBXTargetDependency */ = {
			isa = PBXTargetDependency;
			target = F1DC95B72D5F295200453A37 /* PNGCompressor */;
			targetProxy = F1DC95CA2D5F295300453A37 /* PBXContainerItemProxy */;
		};
		F1DC95D52D5F295300453A37 /* PBXTargetDependency */ = {
			isa = PBXTargetDependency;
			target = F1DC95B72D5F295200453A37 /* PNGCompressor */;
			targetProxy = F1DC95D42D5F295300453A37 /* PBXContainerItemProxy */;
		};
/* End PBXTargetDependency section */

/* Begin XCBuildConfiguration section */
		F1DC95DB2D5F295300453A37 /* Debug */ = {
			isa = XCBuildConfiguration;
			buildSettings = {
				ALWAYS_SEARCH_USER_PATHS = NO;
				ASSETCATALOG_COMPILER_GENERATE_SWIFT_ASSET_SYMBOL_EXTENSIONS = YES;
				CLANG_ANALYZER_NONNULL = YES;
				CLANG_ANALYZER_NUMBER_OBJECT_CONVERSION = YES_AGGRESSIVE;
				CLANG_CXX_LANGUAGE_STANDARD = "gnu++20";
				CLANG_ENABLE_MODULES = YES;
				CLANG_ENABLE_OBJC_ARC = YES;
				CLANG_ENABLE_OBJC_WEAK = YES;
				CLANG_WARN_BLOCK_CAPTURE_AUTORELEASING = YES;
				CLANG_WARN_BOOL_CONVERSION = YES;
				CLANG_WARN_COMMA = YES;
				CLANG_WARN_CONSTANT_CONVERSION = YES;
				CLANG_WARN_DEPRECATED_OBJC_IMPLEMENTATIONS = YES;
				CLANG_WARN_DIRECT_OBJC_ISA_USAGE = YES_ERROR;
				CLANG_WARN_DOCUMENTATION_COMMENTS = YES;
				CLANG_WARN_EMPTY_BODY = YES;
				CLANG_WARN_ENUM_CONVERSION = YES;
				CLANG_WARN_INFINITE_RECURSION = YES;
				CLANG_WARN_INT_CONVERSION = YES;
				CLANG_WARN_NON_LITERAL_NULL_CONVERSION = YES;
				CLANG_WARN_OBJC_IMPLICIT_RETAIN_SELF = YES;
				CLANG_WARN_OBJC_LITERAL_CONVERSION = YES;
				CLANG_WARN_OBJC_ROOT_CLASS = YES_ERROR;
				CLANG_WARN_QUOTED_INCLUDE_IN_FRAMEWORK_HEADER = YES;
				CLANG_WARN_RANGE_LOOP_ANALYSIS = YES;
				CLANG_WARN_STRICT_PROTOTYPES = YES;
				CLANG_WARN_SUSPICIOUS_MOVE = YES;
				CLANG_WARN_UNGUARDED_AVAILABILITY = YES_AGGRESSIVE;
				CLANG_WARN_UNREACHABLE_CODE = YES;
				CLANG_WARN__DUPLICATE_METHOD_MATCH = YES;
				COPY_PHASE_STRIP = NO;
				DEBUG_INFORMATION_FORMAT = dwarf;
				ENABLE_STRICT_OBJC_MSGSEND = YES;
				ENABLE_TESTABILITY = YES;
				ENABLE_USER_SCRIPT_SANDBOXING = YES;
				GCC_C_LANGUAGE_STANDARD = gnu17;
				GCC_DYNAMIC_NO_PIC = NO;
				GCC_NO_COMMON_BLOCKS = YES;
				GCC_OPTIMIZATION_LEVEL = 0;
				GCC_PREPROCESSOR_DEFINITIONS = (
					"DEBUG=1",
					"$(inherited)",
				);
				GCC_WARN_64_TO_32_BIT_CONVERSION = YES;
				GCC_WARN_ABOUT_RETURN_TYPE = YES_ERROR;
				GCC_WARN_UNDECLARED_SELECTOR = YES;
				GCC_WARN_UNINITIALIZED_AUTOS = YES_AGGRESSIVE;
				GCC_WARN_UNUSED_FUNCTION = YES;
				GCC_WARN_UNUSED_VARIABLE = YES;
				INFOPLIST_KEY_CFBundleDisplayName = "pngquant gui for macOS";
				LOCALIZATION_PREFERS_STRING_CATALOGS = YES;
				MACOSX_DEPLOYMENT_TARGET = 15.2;
				MTL_ENABLE_DEBUG_INFO = INCLUDE_SOURCE;
				MTL_FAST_MATH = YES;
				ONLY_ACTIVE_ARCH = YES;
				SDKROOT = macosx;
				SWIFT_ACTIVE_COMPILATION_CONDITIONS = "DEBUG $(inherited)";
				SWIFT_OPTIMIZATION_LEVEL = "-Onone";
			};
			name = Debug;
		};
		F1DC95DC2D5F295300453A37 /* Release */ = {
			isa = XCBuildConfiguration;
			buildSettings = {
				ALWAYS_SEARCH_USER_PATHS = NO;
				ASSETCATALOG_COMPILER_GENERATE_SWIFT_ASSET_SYMBOL_EXTENSIONS = YES;
				CLANG_ANALYZER_NONNULL = YES;
				CLANG_ANALYZER_NUMBER_OBJECT_CONVERSION = YES_AGGRESSIVE;
				CLANG_CXX_LANGUAGE_STANDARD = "gnu++20";
				CLANG_ENABLE_MODULES = YES;
				CLANG_ENABLE_OBJC_ARC = YES;
				CLANG_ENABLE_OBJC_WEAK = YES;
				CLANG_WARN_BLOCK_CAPTURE_AUTORELEASING = YES;
				CLANG_WARN_BOOL_CONVERSION = YES;
				CLANG_WARN_COMMA = YES;
				CLANG_WARN_CONSTANT_CONVERSION = YES;
				CLANG_WARN_DEPRECATED_OBJC_IMPLEMENTATIONS = YES;
				CLANG_WARN_DIRECT_OBJC_ISA_USAGE = YES_ERROR;
				CLANG_WARN_DOCUMENTATION_COMMENTS = YES;
				CLANG_WARN_EMPTY_BODY = YES;
				CLANG_WARN_ENUM_CONVERSION = YES;
				CLANG_WARN_INFINITE_RECURSION = YES;
				CLANG_WARN_INT_CONVERSION = YES;
				CLANG_WARN_NON_LITERAL_NULL_CONVERSION = YES;
				CLANG_WARN_OBJC_IMPLICIT_RETAIN_SELF = YES;
				CLANG_WARN_OBJC_LITERAL_CONVERSION = YES;
				CLANG_WARN_OBJC_ROOT_CLASS = YES_ERROR;
				CLANG_WARN_QUOTED_INCLUDE_IN_FRAMEWORK_HEADER = YES;
				CLANG_WARN_RANGE_LOOP_ANALYSIS = YES;
				CLANG_WARN_STRICT_PROTOTYPES = YES;
				CLANG_WARN_SUSPICIOUS_MOVE = YES;
				CLANG_WARN_UNGUARDED_AVAILABILITY = YES_AGGRESSIVE;
				CLANG_WARN_UNREACHABLE_CODE = YES;
				CLANG_WARN__DUPLICATE_METHOD_MATCH = YES;
				COPY_PHASE_STRIP = NO;
				DEBUG_INFORMATION_FORMAT = "dwarf-with-dsym";
				ENABLE_NS_ASSERTIONS = NO;
				ENABLE_STRICT_OBJC_MSGSEND = YES;
				ENABLE_USER_SCRIPT_SANDBOXING = YES;
				GCC_C_LANGUAGE_STANDARD = gnu17;
				GCC_NO_COMMON_BLOCKS = YES;
				GCC_WARN_64_TO_32_BIT_CONVERSION = YES;
				GCC_WARN_ABOUT_RETURN_TYPE = YES_ERROR;
				GCC_WARN_UNDECLARED_SELECTOR = YES;
				GCC_WARN_UNINITIALIZED_AUTOS = YES_AGGRESSIVE;
				GCC_WARN_UNUSED_FUNCTION = YES;
				GCC_WARN_UNUSED_VARIABLE = YES;
				INFOPLIST_KEY_CFBundleDisplayName = "pngquant gui for macOS";
				LOCALIZATION_PREFERS_STRING_CATALOGS = YES;
				MACOSX_DEPLOYMENT_TARGET = 15.2;
				MTL_ENABLE_DEBUG_INFO = NO;
				MTL_FAST_MATH = YES;
				SDKROOT = macosx;
				SWIFT_COMPILATION_MODE = wholemodule;
			};
			name = Release;
		};
		F1DC95DE2D5F295300453A37 /* Debug */ = {
			isa = XCBuildConfiguration;
			buildSettings = {
				ASSETCATALOG_COMPILER_APPICON_NAME = AppIcon;
				ASSETCATALOG_COMPILER_GLOBAL_ACCENT_COLOR_NAME = AccentColor;
				ASSETCATALOG_COMPILER_INCLUDE_ALL_APPICON_ASSETS = YES;
				CODE_SIGN_ENTITLEMENTS = PNGCompressor/PNGCompressor.entitlements;
				"CODE_SIGN_IDENTITY[sdk=macosx*]" = "-";
				CODE_SIGN_STYLE = Automatic;
				COMBINE_HIDPI_IMAGES = YES;
				CURRENT_PROJECT_VERSION = 1;
				DEVELOPMENT_ASSET_PATHS = "\"PNGCompressor/Preview Content\"";
				ENABLE_PREVIEWS = YES;
				GENERATE_INFOPLIST_FILE = YES;
				INFOPLIST_KEY_CFBundleDisplayName = PNGquantizer;
				INFOPLIST_KEY_LSApplicationCategoryType = "public.app-category.utilities";
				INFOPLIST_KEY_NSHumanReadableCopyright = "";
				LD_RUNPATH_SEARCH_PATHS = (
					"$(inherited)",
					"@executable_path/../Frameworks",
				);
				MACOSX_DEPLOYMENT_TARGET = 14.6;
				MARKETING_VERSION = 0.1.3;
				PRODUCT_BUNDLE_IDENTIFIER = takkun.PNGCompressor;
				PRODUCT_NAME = "$(TARGET_NAME)";
				SWIFT_EMIT_LOC_STRINGS = YES;
				SWIFT_VERSION = 5.0;
			};
			name = Debug;
		};
		F1DC95DF2D5F295300453A37 /* Release */ = {
			isa = XCBuildConfiguration;
			buildSettings = {
				ASSETCATALOG_COMPILER_APPICON_NAME = AppIcon;
				ASSETCATALOG_COMPILER_GLOBAL_ACCENT_COLOR_NAME = AccentColor;
				ASSETCATALOG_COMPILER_INCLUDE_ALL_APPICON_ASSETS = YES;
				CODE_SIGN_ENTITLEMENTS = PNGCompressor/PNGCompressor.entitlements;
				"CODE_SIGN_IDENTITY[sdk=macosx*]" = "-";
				CODE_SIGN_STYLE = Automatic;
				COMBINE_HIDPI_IMAGES = YES;
				CURRENT_PROJECT_VERSION = 1;
				DEVELOPMENT_ASSET_PATHS = "\"PNGCompressor/Preview Content\"";
				ENABLE_PREVIEWS = YES;
				GENERATE_INFOPLIST_FILE = YES;
				INFOPLIST_KEY_CFBundleDisplayName = PNGquantizer;
				INFOPLIST_KEY_LSApplicationCategoryType = "public.app-category.utilities";
				INFOPLIST_KEY_NSHumanReadableCopyright = "";
				LD_RUNPATH_SEARCH_PATHS = (
					"$(inherited)",
					"@executable_path/../Frameworks",
				);
				MACOSX_DEPLOYMENT_TARGET = 14.6;
				MARKETING_VERSION = 0.1.3;
				PRODUCT_BUNDLE_IDENTIFIER = takkun.PNGCompressor;
				PRODUCT_NAME = "$(TARGET_NAME)";
				SWIFT_EMIT_LOC_STRINGS = YES;
				SWIFT_VERSION = 5.0;
			};
			name = Release;
		};
		F1DC95E12D5F295300453A37 /* Debug */ = {
			isa = XCBuildConfiguration;
			buildSettings = {
				BUNDLE_LOADER = "$(TEST_HOST)";
				CODE_SIGN_STYLE = Automatic;
				CURRENT_PROJECT_VERSION = 1;
				GENERATE_INFOPLIST_FILE = YES;
				MACOSX_DEPLOYMENT_TARGET = 15.2;
				MARKETING_VERSION = 1.0;
				PRODUCT_BUNDLE_IDENTIFIER = takkun.PNGCompressorTests;
				PRODUCT_NAME = "$(TARGET_NAME)";
				SWIFT_EMIT_LOC_STRINGS = NO;
				SWIFT_VERSION = 5.0;
				TEST_HOST = "$(BUILT_PRODUCTS_DIR)/PNGCompressor.app/$(BUNDLE_EXECUTABLE_FOLDER_PATH)/PNGCompressor";
			};
			name = Debug;
		};
		F1DC95E22D5F295300453A37 /* Release */ = {
			isa = XCBuildConfiguration;
			buildSettings = {
				BUNDLE_LOADER = "$(TEST_HOST)";
				CODE_SIGN_STYLE = Automatic;
				CURRENT_PROJECT_VERSION = 1;
				GENERATE_INFOPLIST_FILE = YES;
				MACOSX_DEPLOYMENT_TARGET = 15.2;
				MARKETING_VERSION = 1.0;
				PRODUCT_BUNDLE_IDENTIFIER = takkun.PNGCompressorTests;
				PRODUCT_NAME = "$(TARGET_NAME)";
				SWIFT_EMIT_LOC_STRINGS = NO;
				SWIFT_VERSION = 5.0;
				TEST_HOST = "$(BUILT_PRODUCTS_DIR)/PNGCompressor.app/$(BUNDLE_EXECUTABLE_FOLDER_PATH)/PNGCompressor";
			};
			name = Release;
		};
		F1DC95E42D5F295300453A37 /* Debug */ = {
			isa = XCBuildConfiguration;
			buildSettings = {
				CODE_SIGN_STYLE = Automatic;
				CURRENT_PROJECT_VERSION = 1;
				GENERATE_INFOPLIST_FILE = YES;
				MARKETING_VERSION = 1.0;
				PRODUCT_BUNDLE_IDENTIFIER = takkun.PNGCompressorUITests;
				PRODUCT_NAME = "$(TARGET_NAME)";
				SWIFT_EMIT_LOC_STRINGS = NO;
				SWIFT_VERSION = 5.0;
				TEST_TARGET_NAME = PNGCompressor;
			};
			name = Debug;
		};
		F1DC95E52D5F295300453A37 /* Release */ = {
			isa = XCBuildConfiguration;
			buildSettings = {
				CODE_SIGN_STYLE = Automatic;
				CURRENT_PROJECT_VERSION = 1;
				GENERATE_INFOPLIST_FILE = YES;
				MARKETING_VERSION = 1.0;
				PRODUCT_BUNDLE_IDENTIFIER = takkun.PNGCompressorUITests;
				PRODUCT_NAME = "$(TARGET_NAME)";
				SWIFT_EMIT_LOC_STRINGS = NO;
				SWIFT_VERSION = 5.0;
				TEST_TARGET_NAME = PNGCompressor;
			};
			name = Release;
		};
/* End XCBuildConfiguration section */

/* Begin XCConfigurationList section */
		F1DC95B32D5F295200453A37 /* Build configuration list for PBXProject "PNGCompressor" */ = {
			isa = XCConfigurationList;
			buildConfigurations = (
				F1DC95DB2D5F295300453A37 /* Debug */,
				F1DC95DC2D5F295300453A37 /* Release */,
			);
			defaultConfigurationIsVisible = 0;
			defaultConfigurationName = Release;
		};
		F1DC95DD2D5F295300453A37 /* Build configuration list for PBXNativeTarget "PNGCompressor" */ = {
			isa = XCConfigurationList;
			buildConfigurations = (
				F1DC95DE2D5F295300453A37 /* Debug */,
				F1DC95DF2D5F295300453A37 /* Release */,
			);
			defaultConfigurationIsVisible = 0;
			defaultConfigurationName = Release;
		};
		F1DC95E02D5F295300453A37 /* Build configuration list for PBXNativeTarget "PNGCompressorTests" */ = {
			isa = XCConfigurationList;
			buildConfigurations = (
				F1DC95E12D5F295300453A37 /* Debug */,
				F1DC95E22D5F295300453A37 /* Release */,
			);
			defaultConfigurationIsVisible = 0;
			defaultConfigurationName = Release;
		};
		F1DC95E32D5F295300453A37 /* Build configuration list for PBXNativeTarget "PNGCompressorUITests" */ = {
			isa = XCConfigurationList;
			buildConfigurations = (
				F1DC95E42D5F295300453A37 /* Debug */,
				F1DC95E52D5F295300453A37 /* Release */,
			);
			defaultConfigurationIsVisible = 0;
			defaultConfigurationName = Release;
		};
/* End XCConfigurationList section */
	};
	rootObject = F1DC95B02D5F295200453A37 /* Project object */;
}
